
Microsoft Visual Studio Solution File, Format Version 12.00
# Visual Studio Version 17
VisualStudioVersion = 17.9.34728.123
MinimumVisualStudioVersion = 10.0.40219.1
Project("{FAE04EC0-301F-11D3-BF4B-00C04F79EFBC}") = "Store", "Store\Store.csproj", "{493708E4-92B4-40A0-B2DA-B59A34B4DB5D}"
EndProject
Global
	GlobalSection(SolutionConfigurationPlatforms) = preSolution
		Debug|Any CPU = Debug|Any CPU
		Release|Any CPU = Release|Any CPU
	EndGlobalSection
	GlobalSection(ProjectConfigurationPlatforms) = postSolution
		{493708E4-92B4-40A0-B2DA-B59A34B4DB5D}.Debug|Any CPU.ActiveCfg = Debug|Any CPU
		{493708E4-92B4-40A0-B2DA-B59A34B4DB5D}.Debug|Any CPU.Build.0 = Debug|Any CPU
		{493708E4-92B4-40A0-B2DA-B59A34B4DB5D}.Release|Any CPU.ActiveCfg = Release|Any CPU
		{493708E4-92B4-40A0-B2DA-B59A34B4DB5D}.Release|Any CPU.Build.0 = Release|Any CPU
	EndGlobalSection
	GlobalSection(SolutionProperties) = preSolution
		HideSolutionNode = FALSE
	EndGlobalSection
	GlobalSection(ExtensibilityGlobals) = postSolution
		SolutionGuid = {F2489E82-2476-4742-A0A9-39DA7C1D2859}
	EndGlobalSection
EndGlobal
